[root]
name = "hematite"
version = "0.0.0"
dependencies = [
 "cgmath 0.0.1 (git+https://github.com/bjz/cgmath-rs#d981c349a0ffb13fb298f1ac1d5e5483ce860a81)",
 "gfx 0.1.0 (git+https://github.com/gfx-rs/gfx-rs#eb7a628a8f189cc06681dddd205d3bd04dc88a84)",
 "piston 0.0.0 (git+https://github.com/PistonDevelopers/piston#6edc37f41da52ed3aef57b3ae2ff6bd1e7dfa15c)",
 "sdl2_game_window 0.0.0 (git+https://github.com/PistonDevelopers/sdl2_game_window#6fac008adc79e12d93d9144d94e87ea77b713512)",
]

[[package]]
name = "cam"
version = "0.0.0"
source = "git+https://github.com/pistondevelopers/cam#049631d04570f61deef9f03242489e15cd9060f2"
dependencies = [
 "input 0.0.0 (git+https://github.com/pistondevelopers/input#6453898bb0f56535b7773642674380e62bc87be1)",
 "vecmath 0.0.0 (git+https://github.com/pistondevelopers/vecmath#fb14c586842e7e6e93cd02bb23e3dd4bf958e594)",
]

[[package]]
name = "cgmath"
version = "0.0.1"
source = "git+https://github.com/bjz/cgmath-rs#d981c349a0ffb13fb298f1ac1d5e5483ce860a81"

[[package]]
name = "device"
version = "0.1.0"
source = "git+https://github.com/gfx-rs/gfx-rs#eb7a628a8f189cc06681dddd205d3bd04dc88a84"
dependencies = [
 "gfx_gl 0.1.0 (git+https://github.com/gfx-rs/gfx_gl.git#52bb510e9e76cd3c0aed7b6aa678c03059d630a6)",
]

[[package]]
name = "event"
version = "0.0.0"
source = "git+https://github.com/pistondevelopers/event#b9484902a72e9758f7fe4e15ad909565e9eee9f6"
dependencies = [
 "input 0.0.0 (git+https://github.com/pistondevelopers/input#6453898bb0f56535b7773642674380e62bc87be1)",
]

[[package]]
name = "genmesh"
version = "0.1.0"
source = "git+https://github.com/csherratt/genmesh.git#8fc064208cfed8ee0f6539862a8065bab7319303"

[[package]]
name = "gfx"
version = "0.1.0"
source = "git+https://github.com/gfx-rs/gfx-rs#eb7a628a8f189cc06681dddd205d3bd04dc88a84"
dependencies = [
 "device 0.1.0 (git+https://github.com/gfx-rs/gfx-rs#eb7a628a8f189cc06681dddd205d3bd04dc88a84)",
 "gfx_macros 0.1.0 (git+https://github.com/gfx-rs/gfx-rs#eb7a628a8f189cc06681dddd205d3bd04dc88a84)",
 "render 0.1.0 (git+https://github.com/gfx-rs/gfx-rs#eb7a628a8f189cc06681dddd205d3bd04dc88a84)",
]

[[package]]
name = "gfx_gl"
version = "0.1.0"
source = "git+https://github.com/gfx-rs/gfx_gl.git#52bb510e9e76cd3c0aed7b6aa678c03059d630a6"
dependencies = [
 "gl_generator 0.0.1 (git+https://github.com/bjz/gl-rs.git#2857ad712bd443196983ea7c0bd4b6bdcf653e7c)",
]

[[package]]
name = "gfx_macros"
version = "0.1.0"
source = "git+https://github.com/gfx-rs/gfx-rs#eb7a628a8f189cc06681dddd205d3bd04dc88a84"

[[package]]
name = "gl"
version = "0.0.1"
source = "git+https://github.com/bjz/gl-rs.git#2857ad712bd443196983ea7c0bd4b6bdcf653e7c"
dependencies = [
 "gl_generator 0.0.1 (git+https://github.com/bjz/gl-rs.git#2857ad712bd443196983ea7c0bd4b6bdcf653e7c)",
]

[[package]]
name = "gl_generator"
version = "0.0.1"
source = "git+https://github.com/bjz/gl-rs.git#2857ad712bd443196983ea7c0bd4b6bdcf653e7c"
dependencies = [
 "khronos_api 0.0.1 (git+https://github.com/bjz/gl-rs.git#2857ad712bd443196983ea7c0bd4b6bdcf653e7c)",
 "rust-xml 0.1.0 (git+https://github.com/netvl/rust-xml#ffd68eb2b4ba4ec34be1d9772e193e90727d44f9)",
]

[[package]]
name = "graphics"
version = "0.0.0"
source = "git+https://github.com/pistondevelopers/graphics#a4ab361dcf89eb13b5c7ba2638ad7bdf1a6f270b"
dependencies = [
 "vecmath 0.0.0 (git+https://github.com/pistondevelopers/vecmath#fb14c586842e7e6e93cd02bb23e3dd4bf958e594)",
]

[[package]]
name = "image"
version = "0.0.0"
source = "git+https://github.com/pistondevelopers/image#7222953f9a306874ea1c285f63a040c55885f6c6"

[[package]]
name = "input"
version = "0.0.0"
source = "git+https://github.com/pistondevelopers/input#6453898bb0f56535b7773642674380e62bc87be1"

[[package]]
name = "khronos_api"
version = "0.0.1"
source = "git+https://github.com/bjz/gl-rs.git#2857ad712bd443196983ea7c0bd4b6bdcf653e7c"

[[package]]
name = "noise-rs"
version = "0.0.1"
source = "git+https://github.com/bjz/noise-rs#efd7125385cacae0f911032345729c8cfd98f72c"

[[package]]
name = "piston"
version = "0.0.0"
source = "git+https://github.com/PistonDevelopers/piston#6edc37f41da52ed3aef57b3ae2ff6bd1e7dfa15c"
dependencies = [
 "cam 0.0.0 (git+https://github.com/pistondevelopers/cam#049631d04570f61deef9f03242489e15cd9060f2)",
 "event 0.0.0 (git+https://github.com/pistondevelopers/event#b9484902a72e9758f7fe4e15ad909565e9eee9f6)",
 "genmesh 0.1.0 (git+https://github.com/csherratt/genmesh.git#8fc064208cfed8ee0f6539862a8065bab7319303)",
 "graphics 0.0.0 (git+https://github.com/pistondevelopers/graphics#a4ab361dcf89eb13b5c7ba2638ad7bdf1a6f270b)",
 "image 0.0.0 (git+https://github.com/pistondevelopers/image#7222953f9a306874ea1c285f63a040c55885f6c6)",
 "input 0.0.0 (git+https://github.com/pistondevelopers/input#6453898bb0f56535b7773642674380e62bc87be1)",
 "noise-rs 0.0.1 (git+https://github.com/bjz/noise-rs#efd7125385cacae0f911032345729c8cfd98f72c)",
 "shader_version 0.0.0 (git+https://github.com/pistondevelopers/shader_version#c561d15e7d3a561271222daefe073054f5d62b8c)",
 "sprite 0.0.0 (git+https://github.com/pistondevelopers/sprite#e65848df21afb6f53af6bac836d26211b61d6dc7)",
 "vecmath 0.0.0 (git+https://github.com/pistondevelopers/vecmath#fb14c586842e7e6e93cd02bb23e3dd4bf958e594)",
]

[[package]]
name = "render"
version = "0.1.0"
source = "git+https://github.com/gfx-rs/gfx-rs#eb7a628a8f189cc06681dddd205d3bd04dc88a84"
dependencies = [
 "device 0.1.0 (git+https://github.com/gfx-rs/gfx-rs#eb7a628a8f189cc06681dddd205d3bd04dc88a84)",
]

[[package]]
name = "rust-xml"
version = "0.1.0"
source = "git+https://github.com/netvl/rust-xml#ffd68eb2b4ba4ec34be1d9772e193e90727d44f9"

[[package]]
name = "sdl2"
version = "0.0.1-alpha.1"
source = "git+https://github.com/AngryLawyer/rust-sdl2#ea07e2e04c6e5530949e2a04079ac6918766e68c"

[[package]]
name = "sdl2_game_window"
version = "0.0.0"
source = "git+https://github.com/PistonDevelopers/sdl2_game_window#6fac008adc79e12d93d9144d94e87ea77b713512"
dependencies = [
 "event 0.0.0 (git+https://github.com/pistondevelopers/event#b9484902a72e9758f7fe4e15ad909565e9eee9f6)",
 "gl 0.0.1 (git+https://github.com/bjz/gl-rs.git#2857ad712bd443196983ea7c0bd4b6bdcf653e7c)",
 "input 0.0.0 (git+https://github.com/pistondevelopers/input#6453898bb0f56535b7773642674380e62bc87be1)",
 "sdl2 0.0.1-alpha.1 (git+https://github.com/AngryLawyer/rust-sdl2#ea07e2e04c6e5530949e2a04079ac6918766e68c)",
 "shader_version 0.0.0 (git+https://github.com/pistondevelopers/shader_version#c561d15e7d3a561271222daefe073054f5d62b8c)",
]

[[package]]
name = "shader_version"
version = "0.0.0"
source = "git+https://github.com/pistondevelopers/shader_version#c561d15e7d3a561271222daefe073054f5d62b8c"

[[package]]
name = "sprite"
version = "0.0.0"
source = "git+https://github.com/pistondevelopers/sprite#e65848df21afb6f53af6bac836d26211b61d6dc7"
dependencies = [
 "event 0.0.0 (git+https://github.com/pistondevelopers/event#b9484902a72e9758f7fe4e15ad909565e9eee9f6)",
 "graphics 0.0.0 (git+https://github.com/pistondevelopers/graphics#a4ab361dcf89eb13b5c7ba2638ad7bdf1a6f270b)",
 "uuid 0.0.1 (git+https://github.com/rust-lang/uuid#c6159089a491ff4398c6d423263a085c95092a04)",
]

[[package]]
name = "uuid"
version = "0.0.1"
source = "git+https://github.com/rust-lang/uuid#c6159089a491ff4398c6d423263a085c95092a04"

[[package]]
name = "vecmath"
version = "0.0.0"
source = "git+https://github.com/pistondevelopers/vecmath#fb14c586842e7e6e93cd02bb23e3dd4bf958e594"

